
Microsoft Visual Studio Solution File, Format Version 12.00
# Visual Studio Version 17
VisualStudioVersion = 17.11.35222.181
MinimumVisualStudioVersion = 10.0.40219.1
Project("{FAE04EC0-301F-11D3-BF4B-00C04F79EFBC}") = "Parcial2", "Parcial2\Parcial2.csproj", "{F26C20FE-2602-480B-B551-794308F8ECA4}"
EndProject
Global
	GlobalSection(SolutionConfigurationPlatforms) = preSolution
		Debug|Any CPU = Debug|Any CPU
		Release|Any CPU = Release|Any CPU
	EndGlobalSection
	GlobalSection(ProjectConfigurationPlatforms) = postSolution
		{F26C20FE-2602-480B-B551-794308F8ECA4}.Debug|Any CPU.ActiveCfg = Debug|Any CPU
		{F26C20FE-2602-480B-B551-794308F8ECA4}.Debug|Any CPU.Build.0 = Debug|Any CPU
		{F26C20FE-2602-480B-B551-794308F8ECA4}.Release|Any CPU.ActiveCfg = Release|Any CPU
		{F26C20FE-2602-480B-B551-794308F8ECA4}.Release|Any CPU.Build.0 = Release|Any CPU
	EndGlobalSection
	GlobalSection(SolutionProperties) = preSolution
		HideSolutionNode = FALSE
	EndGlobalSection
	GlobalSection(ExtensibilityGlobals) = postSolution
		SolutionGuid = {AEE61111-6DC3-40D4-9F29-6AA99C716B53}
	EndGlobalSection
EndGlobal
